
Microsoft Visual Studio Solution File, Format Version 12.00
# Visual Studio 15
VisualStudioVersion = 15.0.28307.852
MinimumVisualStudioVersion = 10.0.40219.1
Project("{FAE04EC0-301F-11D3-BF4B-00C04F79EFBC}") = "IncomeComparison", "IncomeComparison\IncomeComparison.csproj", "{ACED6C04-B189-45D6-B507-9659A67BFEAC}"
EndProject
Global
	GlobalSection(SolutionConfigurationPlatforms) = preSolution
		Debug|Any CPU = Debug|Any CPU
		Release|Any CPU = Release|Any CPU
	EndGlobalSection
	GlobalSection(ProjectConfigurationPlatforms) = postSolution
		{ACED6C04-B189-45D6-B507-9659A67BFEAC}.Debug|Any CPU.ActiveCfg = Debug|Any CPU
		{ACED6C04-B189-45D6-B507-9659A67BFEAC}.Debug|Any CPU.Build.0 = Debug|Any CPU
		{ACED6C04-B189-45D6-B507-9659A67BFEAC}.Release|Any CPU.ActiveCfg = Release|Any CPU
		{ACED6C04-B189-45D6-B507-9659A67BFEAC}.Release|Any CPU.Build.0 = Release|Any CPU
	EndGlobalSection
	GlobalSection(SolutionProperties) = preSolution
		HideSolutionNode = FALSE
	EndGlobalSection
	GlobalSection(ExtensibilityGlobals) = postSolution
		SolutionGuid = {05FC2CE9-3922-4B00-86AA-BAB68F5D4EA1}
	EndGlobalSection
EndGlobal
