
Microsoft Visual Studio Solution File, Format Version 12.00
# Visual Studio 15
VisualStudioVersion = 15.0.28307.852
MinimumVisualStudioVersion = 10.0.40219.1
Project("{FAE04EC0-301F-11D3-BF4B-00C04F79EFBC}") = "MathAndComparisonOperators", "MathAndComparisonOperators\MathAndComparisonOperators.csproj", "{2C4D43C8-5035-48B4-BF3A-C9DD74F39DB2}"
EndProject
Global
	GlobalSection(SolutionConfigurationPlatforms) = preSolution
		Debug|Any CPU = Debug|Any CPU
		Release|Any CPU = Release|Any CPU
	EndGlobalSection
	GlobalSection(ProjectConfigurationPlatforms) = postSolution
		{2C4D43C8-5035-48B4-BF3A-C9DD74F39DB2}.Debug|Any CPU.ActiveCfg = Debug|Any CPU
		{2C4D43C8-5035-48B4-BF3A-C9DD74F39DB2}.Debug|Any CPU.Build.0 = Debug|Any CPU
		{2C4D43C8-5035-48B4-BF3A-C9DD74F39DB2}.Release|Any CPU.ActiveCfg = Release|Any CPU
		{2C4D43C8-5035-48B4-BF3A-C9DD74F39DB2}.Release|Any CPU.Build.0 = Release|Any CPU
	EndGlobalSection
	GlobalSection(SolutionProperties) = preSolution
		HideSolutionNode = FALSE
	EndGlobalSection
	GlobalSection(ExtensibilityGlobals) = postSolution
		SolutionGuid = {8945F7E6-E3E8-47AF-A607-56422EDC25B4}
	EndGlobalSection
EndGlobal
