
Microsoft Visual Studio Solution File, Format Version 12.00
# Visual Studio 15
VisualStudioVersion = 15.0.28307.852
MinimumVisualStudioVersion = 10.0.40219.1
Project("{FAE04EC0-301F-11D3-BF4B-00C04F79EFBC}") = "ListExceptionHandling", "ListExceptionHandling\ListExceptionHandling.csproj", "{C8F688F0-8EC6-4779-A491-E57CAFB2DC64}"
EndProject
Global
	GlobalSection(SolutionConfigurationPlatforms) = preSolution
		Debug|Any CPU = Debug|Any CPU
		Release|Any CPU = Release|Any CPU
	EndGlobalSection
	GlobalSection(ProjectConfigurationPlatforms) = postSolution
		{C8F688F0-8EC6-4779-A491-E57CAFB2DC64}.Debug|Any CPU.ActiveCfg = Debug|Any CPU
		{C8F688F0-8EC6-4779-A491-E57CAFB2DC64}.Debug|Any CPU.Build.0 = Debug|Any CPU
		{C8F688F0-8EC6-4779-A491-E57CAFB2DC64}.Release|Any CPU.ActiveCfg = Release|Any CPU
		{C8F688F0-8EC6-4779-A491-E57CAFB2DC64}.Release|Any CPU.Build.0 = Release|Any CPU
	EndGlobalSection
	GlobalSection(SolutionProperties) = preSolution
		HideSolutionNode = FALSE
	EndGlobalSection
	GlobalSection(ExtensibilityGlobals) = postSolution
		SolutionGuid = {F9FEFA22-7857-42D1-BEF0-023A72B98CB3}
	EndGlobalSection
EndGlobal
