
Microsoft Visual Studio Solution File, Format Version 12.00
# Visual Studio 15
VisualStudioVersion = 15.0.28307.852
MinimumVisualStudioVersion = 10.0.40219.1
Project("{FAE04EC0-301F-11D3-BF4B-00C04F79EFBC}") = "ExceptionHandling", "ExceptionHandling\ExceptionHandling.csproj", "{C79BEF46-694B-49C2-8859-01E4F97AB095}"
EndProject
Global
	GlobalSection(SolutionConfigurationPlatforms) = preSolution
		Debug|Any CPU = Debug|Any CPU
		Release|Any CPU = Release|Any CPU
	EndGlobalSection
	GlobalSection(ProjectConfigurationPlatforms) = postSolution
		{C79BEF46-694B-49C2-8859-01E4F97AB095}.Debug|Any CPU.ActiveCfg = Debug|Any CPU
		{C79BEF46-694B-49C2-8859-01E4F97AB095}.Debug|Any CPU.Build.0 = Debug|Any CPU
		{C79BEF46-694B-49C2-8859-01E4F97AB095}.Release|Any CPU.ActiveCfg = Release|Any CPU
		{C79BEF46-694B-49C2-8859-01E4F97AB095}.Release|Any CPU.Build.0 = Release|Any CPU
	EndGlobalSection
	GlobalSection(SolutionProperties) = preSolution
		HideSolutionNode = FALSE
	EndGlobalSection
	GlobalSection(ExtensibilityGlobals) = postSolution
		SolutionGuid = {87ED897F-3500-434C-B69D-1E366FC5CC20}
	EndGlobalSection
EndGlobal
